
Microsoft Visual Studio Solution File, Format Version 12.00
# Visual Studio Version 17
VisualStudioVersion = 17.7.34024.191
MinimumVisualStudioVersion = 10.0.40219.1
Project("{9A19103F-16F7-4668-BE54-9A1E7A4F7556}") = "HR_Manager", "HR_Manager\HR_Manager.csproj", "{CFDB71C3-BE0D-4648-8F8F-13DE73640FDF}"
EndProject
Project("{FAE04EC0-301F-11D3-BF4B-00C04F79EFBC}") = "DAO", "DAO\DAO.csproj", "{BE0E2917-A11E-486A-833E-DC5A481C5570}"
EndProject
Project("{FAE04EC0-301F-11D3-BF4B-00C04F79EFBC}") = "BUS", "BUS\BUS.csproj", "{88005AFF-D460-4100-9696-4B132FB4F718}"
EndProject
Project("{FAE04EC0-301F-11D3-BF4B-00C04F79EFBC}") = "DTO", "DTO\DTO.csproj", "{ADCCEFCF-1109-42A2-860B-6952851D264B}"
EndProject
Global
	GlobalSection(SolutionConfigurationPlatforms) = preSolution
		Debug|Any CPU = Debug|Any CPU
		Release|Any CPU = Release|Any CPU
	EndGlobalSection
	GlobalSection(ProjectConfigurationPlatforms) = postSolution
		{CFDB71C3-BE0D-4648-8F8F-13DE73640FDF}.Debug|Any CPU.ActiveCfg = Debug|Any CPU
		{CFDB71C3-BE0D-4648-8F8F-13DE73640FDF}.Debug|Any CPU.Build.0 = Debug|Any CPU
		{CFDB71C3-BE0D-4648-8F8F-13DE73640FDF}.Release|Any CPU.ActiveCfg = Release|Any CPU
		{CFDB71C3-BE0D-4648-8F8F-13DE73640FDF}.Release|Any CPU.Build.0 = Release|Any CPU
		{BE0E2917-A11E-486A-833E-DC5A481C5570}.Debug|Any CPU.ActiveCfg = Debug|Any CPU
		{BE0E2917-A11E-486A-833E-DC5A481C5570}.Debug|Any CPU.Build.0 = Debug|Any CPU
		{BE0E2917-A11E-486A-833E-DC5A481C5570}.Release|Any CPU.ActiveCfg = Release|Any CPU
		{BE0E2917-A11E-486A-833E-DC5A481C5570}.Release|Any CPU.Build.0 = Release|Any CPU
		{88005AFF-D460-4100-9696-4B132FB4F718}.Debug|Any CPU.ActiveCfg = Debug|Any CPU
		{88005AFF-D460-4100-9696-4B132FB4F718}.Debug|Any CPU.Build.0 = Debug|Any CPU
		{88005AFF-D460-4100-9696-4B132FB4F718}.Release|Any CPU.ActiveCfg = Release|Any CPU
		{88005AFF-D460-4100-9696-4B132FB4F718}.Release|Any CPU.Build.0 = Release|Any CPU
		{ADCCEFCF-1109-42A2-860B-6952851D264B}.Debug|Any CPU.ActiveCfg = Debug|Any CPU
		{ADCCEFCF-1109-42A2-860B-6952851D264B}.Debug|Any CPU.Build.0 = Debug|Any CPU
		{ADCCEFCF-1109-42A2-860B-6952851D264B}.Release|Any CPU.ActiveCfg = Release|Any CPU
		{ADCCEFCF-1109-42A2-860B-6952851D264B}.Release|Any CPU.Build.0 = Release|Any CPU
	EndGlobalSection
	GlobalSection(SolutionProperties) = preSolution
		HideSolutionNode = FALSE
	EndGlobalSection
	GlobalSection(ExtensibilityGlobals) = postSolution
		SolutionGuid = {30AC0172-9772-43AE-A01C-6D3FD4AB15FA}
	EndGlobalSection
EndGlobal
